
Microsoft Visual Studio Solution File, Format Version 12.00
# Visual Studio Version 16
VisualStudioVersion = 16.0.29728.190
MinimumVisualStudioVersion = 10.0.40219.1
Project("{FAE04EC0-301F-11D3-BF4B-00C04F79EFBC}") = "block_screensaver_form", "block_screensaver_form.csproj", "{C58A5196-76E1-4F25-ADE6-8FAF63364189}"
EndProject
Project("{2150E333-8FDC-42A3-9474-1A3956D46DE8}") = "Solution Items", "Solution Items", "{C2BBECDA-DB6C-4476-BBFB-17232D8E979C}"
	ProjectSection(SolutionItems) = preProject
		.editorconfig = .editorconfig
	EndProjectSection
EndProject
Global
	GlobalSection(SolutionConfigurationPlatforms) = preSolution
		Debug|Any CPU = Debug|Any CPU
		Release|Any CPU = Release|Any CPU
	EndGlobalSection
	GlobalSection(ProjectConfigurationPlatforms) = postSolution
		{C58A5196-76E1-4F25-ADE6-8FAF63364189}.Debug|Any CPU.ActiveCfg = Debug|Any CPU
		{C58A5196-76E1-4F25-ADE6-8FAF63364189}.Debug|Any CPU.Build.0 = Debug|Any CPU
		{C58A5196-76E1-4F25-ADE6-8FAF63364189}.Release|Any CPU.ActiveCfg = Release|Any CPU
		{C58A5196-76E1-4F25-ADE6-8FAF63364189}.Release|Any CPU.Build.0 = Release|Any CPU
	EndGlobalSection
	GlobalSection(SolutionProperties) = preSolution
		HideSolutionNode = FALSE
	EndGlobalSection
	GlobalSection(ExtensibilityGlobals) = postSolution
		SolutionGuid = {86344CB3-DF86-44FE-91E1-CEAB1F617384}
	EndGlobalSection
EndGlobal
